// !$*UTF8*$!
{
	archiveVersion = 1;
	classes = {
	};
	objectVersion = 46;
	objects = {

/* Begin PBXBuildFile section */
		75EAEAE7D9159EBDC78570E7 /* Pods_marathon.framework in Frameworks */ = {isa = PBXBuildFile; fileRef = B5FFA6C466B1A6AE952714AB /* Pods_marathon.framework */; };
		9728BA8B1BA2B33300786A0A /* RunningViewController.swift in Sources */ = {isa = PBXBuildFile; fileRef = 9728BA8A1BA2B33300786A0A /* RunningViewController.swift */; };
		974B50641BA80E6B004E1E67 /* CLLocation+Sino.m in Sources */ = {isa = PBXBuildFile; fileRef = 974B50631BA80E6B004E1E67 /* CLLocation+Sino.m */; };
		974B6C6F1BA189A100E7E008 /* RunModel.swift in Sources */ = {isa = PBXBuildFile; fileRef = 974B6C6E1BA189A100E7E008 /* RunModel.swift */; };
		974B6C711BA18B6000E7E008 /* RunCell.swift in Sources */ = {isa = PBXBuildFile; fileRef = 974B6C701BA18B6000E7E008 /* RunCell.swift */; };
		97B438811BB947F9008A6DD6 /* SwiftDate.swift in Sources */ = {isa = PBXBuildFile; fileRef = 97B438801BB947F9008A6DD6 /* SwiftDate.swift */; };
		97B438831BBA7CA4008A6DD6 /* LocationModel.swift in Sources */ = {isa = PBXBuildFile; fileRef = 97B438821BBA7CA4008A6DD6 /* LocationModel.swift */; };
		97C647E31BBBDFB200B4C440 /* RunAnnotation.swift in Sources */ = {isa = PBXBuildFile; fileRef = 97C647E21BBBDFB200B4C440 /* RunAnnotation.swift */; };
		97C647E51BBBF05200B4C440 /* STString.swift in Sources */ = {isa = PBXBuildFile; fileRef = 97C647E41BBBF05200B4C440 /* STString.swift */; };
		97EDF4A81B9FE998003F74FB /* marathonKit.h in Headers */ = {isa = PBXBuildFile; fileRef = 97EDF4A71B9FE998003F74FB /* marathonKit.h */; settings = {ATTRIBUTES = (Public, ); }; };
		97EDF4AC1B9FE998003F74FB /* marathonKit.framework in Frameworks */ = {isa = PBXBuildFile; fileRef = 97EDF4A51B9FE998003F74FB /* marathonKit.framework */; };
		97EDF4AD1B9FE998003F74FB /* marathonKit.framework in Embed Frameworks */ = {isa = PBXBuildFile; fileRef = 97EDF4A51B9FE998003F74FB /* marathonKit.framework */; settings = {ATTRIBUTES = (CodeSignOnCopy, RemoveHeadersOnCopy, ); }; };
		97EDF4B31B9FE9DE003F74FB /* marathonKit.swift in Sources */ = {isa = PBXBuildFile; fileRef = 97EDF4B21B9FE9DE003F74FB /* marathonKit.swift */; };
		97EDF4B61B9FEA50003F74FB /* STColor.swift in Sources */ = {isa = PBXBuildFile; fileRef = 97EDF4B41B9FEA50003F74FB /* STColor.swift */; };
		97EDF4B71B9FEA50003F74FB /* STView.swift in Sources */ = {isa = PBXBuildFile; fileRef = 97EDF4B51B9FEA50003F74FB /* STView.swift */; };
		97EE47381B9EE131009A6397 /* AppDelegate.swift in Sources */ = {isa = PBXBuildFile; fileRef = 97EE47371B9EE131009A6397 /* AppDelegate.swift */; };
		97EE473A1B9EE131009A6397 /* HomeViewController.swift in Sources */ = {isa = PBXBuildFile; fileRef = 97EE47391B9EE131009A6397 /* HomeViewController.swift */; };
		97EE473D1B9EE131009A6397 /* Main.storyboard in Resources */ = {isa = PBXBuildFile; fileRef = 97EE473B1B9EE131009A6397 /* Main.storyboard */; };
		97EE473F1B9EE131009A6397 /* Assets.xcassets in Resources */ = {isa = PBXBuildFile; fileRef = 97EE473E1B9EE131009A6397 /* Assets.xcassets */; };
		97EE47421B9EE131009A6397 /* LaunchScreen.storyboard in Resources */ = {isa = PBXBuildFile; fileRef = 97EE47401B9EE131009A6397 /* LaunchScreen.storyboard */; };
		97EE474D1B9EE131009A6397 /* marathonTests.swift in Sources */ = {isa = PBXBuildFile; fileRef = 97EE474C1B9EE131009A6397 /* marathonTests.swift */; };
		97EE47581B9EE131009A6397 /* marathonUITests.swift in Sources */ = {isa = PBXBuildFile; fileRef = 97EE47571B9EE131009A6397 /* marathonUITests.swift */; };
/* End PBXBuildFile section */

/* Begin PBXContainerItemProxy section */
		97EDF4AA1B9FE998003F74FB /* PBXContainerItemProxy */ = {
			isa = PBXContainerItemProxy;
			containerPortal = 97EE472C1B9EE130009A6397 /* Project object */;
			proxyType = 1;
			remoteGlobalIDString = 97EDF4A41B9FE998003F74FB;
			remoteInfo = marathonKit;
		};
		97EE47491B9EE131009A6397 /* PBXContainerItemProxy */ = {
			isa = PBXContainerItemProxy;
			containerPortal = 97EE472C1B9EE130009A6397 /* Project object */;
			proxyType = 1;
			remoteGlobalIDString = 97EE47331B9EE130009A6397;
			remoteInfo = marathon;
		};
		97EE47541B9EE131009A6397 /* PBXContainerItemProxy */ = {
			isa = PBXContainerItemProxy;
			containerPortal = 97EE472C1B9EE130009A6397 /* Project object */;
			proxyType = 1;
			remoteGlobalIDString = 97EE47331B9EE130009A6397;
			remoteInfo = marathon;
		};
/* End PBXContainerItemProxy section */

/* Begin PBXCopyFilesBuildPhase section */
		97EDF4B11B9FE998003F74FB /* Embed Frameworks */ = {
			isa = PBXCopyFilesBuildPhase;
			buildActionMask = 2147483647;
			dstPath = "";
			dstSubfolderSpec = 10;
			files = (
				97EDF4AD1B9FE998003F74FB /* marathonKit.framework in Embed Frameworks */,
			);
			name = "Embed Frameworks";
			runOnlyForDeploymentPostprocessing = 0;
		};
/* End PBXCopyFilesBuildPhase section */

/* Begin PBXFileReference section */
		0B81495C851D7731A220BAC0 /* Pods-marathon.release.xcconfig */ = {isa = PBXFileReference; includeInIndex = 1; lastKnownFileType = text.xcconfig; name = "Pods-marathon.release.xcconfig"; path = "Pods/Target Support Files/Pods-marathon/Pods-marathon.release.xcconfig"; sourceTree = "<group>"; };
		391805917F482FA147BF6949 /* Pods-marathon.debug.xcconfig */ = {isa = PBXFileReference; includeInIndex = 1; lastKnownFileType = text.xcconfig; name = "Pods-marathon.debug.xcconfig"; path = "Pods/Target Support Files/Pods-marathon/Pods-marathon.debug.xcconfig"; sourceTree = "<group>"; };
		9728BA8A1BA2B33300786A0A /* RunningViewController.swift */ = {isa = PBXFileReference; fileEncoding = 4; lastKnownFileType = sourcecode.swift; path = RunningViewController.swift; sourceTree = "<group>"; };
		974B50611BA80E6A004E1E67 /* marathon-Bridging-Header.h */ = {isa = PBXFileReference; lastKnownFileType = sourcecode.c.h; path = "marathon-Bridging-Header.h"; sourceTree = "<group>"; };
		974B50621BA80E6B004E1E67 /* CLLocation+Sino.h */ = {isa = PBXFileReference; fileEncoding = 4; lastKnownFileType = sourcecode.c.h; path = "CLLocation+Sino.h"; sourceTree = "<group>"; };
		974B50631BA80E6B004E1E67 /* CLLocation+Sino.m */ = {isa = PBXFileReference; fileEncoding = 4; lastKnownFileType = sourcecode.c.objc; path = "CLLocation+Sino.m"; sourceTree = "<group>"; };
		974B6C6E1BA189A100E7E008 /* RunModel.swift */ = {isa = PBXFileReference; fileEncoding = 4; lastKnownFileType = sourcecode.swift; path = RunModel.swift; sourceTree = "<group>"; };
		974B6C701BA18B6000E7E008 /* RunCell.swift */ = {isa = PBXFileReference; fileEncoding = 4; lastKnownFileType = sourcecode.swift; path = RunCell.swift; sourceTree = "<group>"; };
		97B438801BB947F9008A6DD6 /* SwiftDate.swift */ = {isa = PBXFileReference; fileEncoding = 4; lastKnownFileType = sourcecode.swift; path = SwiftDate.swift; sourceTree = "<group>"; };
		97B438821BBA7CA4008A6DD6 /* LocationModel.swift */ = {isa = PBXFileReference; fileEncoding = 4; lastKnownFileType = sourcecode.swift; path = LocationModel.swift; sourceTree = "<group>"; };
		97C647E21BBBDFB200B4C440 /* RunAnnotation.swift */ = {isa = PBXFileReference; fileEncoding = 4; lastKnownFileType = sourcecode.swift; path = RunAnnotation.swift; sourceTree = "<group>"; };
		97C647E41BBBF05200B4C440 /* STString.swift */ = {isa = PBXFileReference; fileEncoding = 4; lastKnownFileType = sourcecode.swift; path = STString.swift; sourceTree = "<group>"; };
		97EDF4A51B9FE998003F74FB /* marathonKit.framework */ = {isa = PBXFileReference; explicitFileType = wrapper.framework; includeInIndex = 0; path = marathonKit.framework; sourceTree = BUILT_PRODUCTS_DIR; };
		97EDF4A71B9FE998003F74FB /* marathonKit.h */ = {isa = PBXFileReference; lastKnownFileType = sourcecode.c.h; path = marathonKit.h; sourceTree = "<group>"; };
		97EDF4A91B9FE998003F74FB /* Info.plist */ = {isa = PBXFileReference; lastKnownFileType = text.plist.xml; path = Info.plist; sourceTree = "<group>"; };
		97EDF4B21B9FE9DE003F74FB /* marathonKit.swift */ = {isa = PBXFileReference; fileEncoding = 4; lastKnownFileType = sourcecode.swift; path = marathonKit.swift; sourceTree = "<group>"; };
		97EDF4B41B9FEA50003F74FB /* STColor.swift */ = {isa = PBXFileReference; fileEncoding = 4; lastKnownFileType = sourcecode.swift; path = STColor.swift; sourceTree = "<group>"; };
		97EDF4B51B9FEA50003F74FB /* STView.swift */ = {isa = PBXFileReference; fileEncoding = 4; lastKnownFileType = sourcecode.swift; path = STView.swift; sourceTree = "<group>"; };
		97EE47341B9EE131009A6397 /* marathon.app */ = {isa = PBXFileReference; explicitFileType = wrapper.application; includeInIndex = 0; path = marathon.app; sourceTree = BUILT_PRODUCTS_DIR; };
		97EE47371B9EE131009A6397 /* AppDelegate.swift */ = {isa = PBXFileReference; lastKnownFileType = sourcecode.swift; path = AppDelegate.swift; sourceTree = "<group>"; };
		97EE47391B9EE131009A6397 /* HomeViewController.swift */ = {isa = PBXFileReference; lastKnownFileType = sourcecode.swift; path = HomeViewController.swift; sourceTree = "<group>"; };
		97EE473C1B9EE131009A6397 /* Base */ = {isa = PBXFileReference; lastKnownFileType = file.storyboard; name = Base; path = Base.lproj/Main.storyboard; sourceTree = "<group>"; };
		97EE473E1B9EE131009A6397 /* Assets.xcassets */ = {isa = PBXFileReference; lastKnownFileType = folder.assetcatalog; path = Assets.xcassets; sourceTree = "<group>"; };
		97EE47411B9EE131009A6397 /* Base */ = {isa = PBXFileReference; lastKnownFileType = file.storyboard; name = Base; path = Base.lproj/LaunchScreen.storyboard; sourceTree = "<group>"; };
		97EE47431B9EE131009A6397 /* Info.plist */ = {isa = PBXFileReference; lastKnownFileType = text.plist.xml; path = Info.plist; sourceTree = "<group>"; };
		97EE47481B9EE131009A6397 /* marathonTests.xctest */ = {isa = PBXFileReference; explicitFileType = wrapper.cfbundle; includeInIndex = 0; path = marathonTests.xctest; sourceTree = BUILT_PRODUCTS_DIR; };
		97EE474C1B9EE131009A6397 /* marathonTests.swift */ = {isa = PBXFileReference; lastKnownFileType = sourcecode.swift; path = marathonTests.swift; sourceTree = "<group>"; };
		97EE474E1B9EE131009A6397 /* Info.plist */ = {isa = PBXFileReference; lastKnownFileType = text.plist.xml; path = Info.plist; sourceTree = "<group>"; };
		97EE47531B9EE131009A6397 /* marathonUITests.xctest */ = {isa = PBXFileReference; explicitFileType = wrapper.cfbundle; includeInIndex = 0; path = marathonUITests.xctest; sourceTree = BUILT_PRODUCTS_DIR; };
		97EE47571B9EE131009A6397 /* marathonUITests.swift */ = {isa = PBXFileReference; lastKnownFileType = sourcecode.swift; path = marathonUITests.swift; sourceTree = "<group>"; };
		97EE47591B9EE131009A6397 /* Info.plist */ = {isa = PBXFileReference; lastKnownFileType = text.plist.xml; path = Info.plist; sourceTree = "<group>"; };
		B5FFA6C466B1A6AE952714AB /* Pods_marathon.framework */ = {isa = PBXFileReference; explicitFileType = wrapper.framework; includeInIndex = 0; path = Pods_marathon.framework; sourceTree = BUILT_PRODUCTS_DIR; };
/* End PBXFileReference section */

/* Begin PBXFrameworksBuildPhase section */
		97EDF4A11B9FE998003F74FB /* Frameworks */ = {
			isa = PBXFrameworksBuildPhase;
			buildActionMask = 2147483647;
			files = (
			);
			runOnlyForDeploymentPostprocessing = 0;
		};
		97EE47311B9EE130009A6397 /* Frameworks */ = {
			isa = PBXFrameworksBuildPhase;
			buildActionMask = 2147483647;
			files = (
				75EAEAE7D9159EBDC78570E7 /* Pods_marathon.framework in Frameworks */,
				97EDF4AC1B9FE998003F74FB /* marathonKit.framework in Frameworks */,
			);
			runOnlyForDeploymentPostprocessing = 0;
		};
		97EE47451B9EE131009A6397 /* Frameworks */ = {
			isa = PBXFrameworksBuildPhase;
			buildActionMask = 2147483647;
			files = (
			);
			runOnlyForDeploymentPostprocessing = 0;
		};
		97EE47501B9EE131009A6397 /* Frameworks */ = {
			isa = PBXFrameworksBuildPhase;
			buildActionMask = 2147483647;
			files = (
			);
			runOnlyForDeploymentPostprocessing = 0;
		};
/* End PBXFrameworksBuildPhase section */

/* Begin PBXGroup section */
		1B069E7A5895AAB6925EEA72 /* Frameworks */ = {
			isa = PBXGroup;
			children = (
				B5FFA6C466B1A6AE952714AB /* Pods_marathon.framework */,
			);
			name = Frameworks;
			sourceTree = "<group>";
		};
		5AF27DE0E35A2D7F9CA11429 /* Pods */ = {
			isa = PBXGroup;
			children = (
				391805917F482FA147BF6949 /* Pods-marathon.debug.xcconfig */,
				0B81495C851D7731A220BAC0 /* Pods-marathon.release.xcconfig */,
			);
			name = Pods;
			sourceTree = "<group>";
		};
		97B4387E1BB947F9008A6DD6 /* Vendor */ = {
			isa = PBXGroup;
			children = (
				97B4387F1BB947F9008A6DD6 /* SwiftDate */,
			);
			path = Vendor;
			sourceTree = "<group>";
		};
		97B4387F1BB947F9008A6DD6 /* SwiftDate */ = {
			isa = PBXGroup;
			children = (
				97B438801BB947F9008A6DD6 /* SwiftDate.swift */,
			);
			path = SwiftDate;
			sourceTree = "<group>";
		};
		97EDF4A61B9FE998003F74FB /* marathonKit */ = {
			isa = PBXGroup;
			children = (
				97EDF4A71B9FE998003F74FB /* marathonKit.h */,
				97EDF4B21B9FE9DE003F74FB /* marathonKit.swift */,
				97EDF4B41B9FEA50003F74FB /* STColor.swift */,
				97EDF4B51B9FEA50003F74FB /* STView.swift */,
				97C647E41BBBF05200B4C440 /* STString.swift */,
				97EDF4A91B9FE998003F74FB /* Info.plist */,
			);
			path = marathonKit;
			sourceTree = "<group>";
		};
		97EE472B1B9EE130009A6397 = {
			isa = PBXGroup;
			children = (
				97EE47361B9EE131009A6397 /* marathon */,
				97EE474B1B9EE131009A6397 /* marathonTests */,
				97EE47561B9EE131009A6397 /* marathonUITests */,
				97EDF4A61B9FE998003F74FB /* marathonKit */,
				97EE47351B9EE131009A6397 /* Products */,
				5AF27DE0E35A2D7F9CA11429 /* Pods */,
				1B069E7A5895AAB6925EEA72 /* Frameworks */,
			);
			sourceTree = "<group>";
		};
		97EE47351B9EE131009A6397 /* Products */ = {
			isa = PBXGroup;
			children = (
				97EE47341B9EE131009A6397 /* marathon.app */,
				97EE47481B9EE131009A6397 /* marathonTests.xctest */,
				97EE47531B9EE131009A6397 /* marathonUITests.xctest */,
				97EDF4A51B9FE998003F74FB /* marathonKit.framework */,
			);
			name = Products;
			sourceTree = "<group>";
		};
		97EE47361B9EE131009A6397 /* marathon */ = {
			isa = PBXGroup;
			children = (
				97B4387E1BB947F9008A6DD6 /* Vendor */,
				97EE47371B9EE131009A6397 /* AppDelegate.swift */,
				97EE47391B9EE131009A6397 /* HomeViewController.swift */,
				9728BA8A1BA2B33300786A0A /* RunningViewController.swift */,
				97C647E21BBBDFB200B4C440 /* RunAnnotation.swift */,
				974B50621BA80E6B004E1E67 /* CLLocation+Sino.h */,
				974B50631BA80E6B004E1E67 /* CLLocation+Sino.m */,
				974B6C6E1BA189A100E7E008 /* RunModel.swift */,
				97B438821BBA7CA4008A6DD6 /* LocationModel.swift */,
				974B6C701BA18B6000E7E008 /* RunCell.swift */,
				97EE473B1B9EE131009A6397 /* Main.storyboard */,
				97EE473E1B9EE131009A6397 /* Assets.xcassets */,
				97EE47401B9EE131009A6397 /* LaunchScreen.storyboard */,
				97EE47431B9EE131009A6397 /* Info.plist */,
				974B50611BA80E6A004E1E67 /* marathon-Bridging-Header.h */,
			);
			path = marathon;
			sourceTree = "<group>";
		};
		97EE474B1B9EE131009A6397 /* marathonTests */ = {
			isa = PBXGroup;
			children = (
				97EE474C1B9EE131009A6397 /* marathonTests.swift */,
				97EE474E1B9EE131009A6397 /* Info.plist */,
			);
			path = marathonTests;
			sourceTree = "<group>";
		};
		97EE47561B9EE131009A6397 /* marathonUITests */ = {
			isa = PBXGroup;
			children = (
				97EE47571B9EE131009A6397 /* marathonUITests.swift */,
				97EE47591B9EE131009A6397 /* Info.plist */,
			);
			path = marathonUITests;
			sourceTree = "<group>";
		};
/* End PBXGroup section */

/* Begin PBXHeadersBuildPhase section */
		97EDF4A21B9FE998003F74FB /* Headers */ = {
			isa = PBXHeadersBuildPhase;
			buildActionMask = 2147483647;
			files = (
				97EDF4A81B9FE998003F74FB /* marathonKit.h in Headers */,
			);
			runOnlyForDeploymentPostprocessing = 0;
		};
/* End PBXHeadersBuildPhase section */

/* Begin PBXNativeTarget section */
		97EDF4A41B9FE998003F74FB /* marathonKit */ = {
			isa = PBXNativeTarget;
			buildConfigurationList = 97EDF4B01B9FE998003F74FB /* Build configuration list for PBXNativeTarget "marathonKit" */;
			buildPhases = (
				97EDF4A01B9FE998003F74FB /* Sources */,
				97EDF4A11B9FE998003F74FB /* Frameworks */,
				97EDF4A21B9FE998003F74FB /* Headers */,
				97EDF4A31B9FE998003F74FB /* Resources */,
			);
			buildRules = (
			);
			dependencies = (
			);
			name = marathonKit;
			productName = marathonKit;
			productReference = 97EDF4A51B9FE998003F74FB /* marathonKit.framework */;
			productType = "com.apple.product-type.framework";
		};
		97EE47331B9EE130009A6397 /* marathon */ = {
			isa = PBXNativeTarget;
			buildConfigurationList = 97EE475C1B9EE131009A6397 /* Build configuration list for PBXNativeTarget "marathon" */;
			buildPhases = (
				E2DEED013286DB56A3A38005 /* Check Pods Manifest.lock */,
				97EE47301B9EE130009A6397 /* Sources */,
				97EE47311B9EE130009A6397 /* Frameworks */,
				97EE47321B9EE130009A6397 /* Resources */,
				C84C99A76C1A5CF18976E96F /* Embed Pods Frameworks */,
				0937414A39506FB0AE6AC419 /* Copy Pods Resources */,
				97EDF4B11B9FE998003F74FB /* Embed Frameworks */,
			);
			buildRules = (
			);
			dependencies = (
				97EDF4AB1B9FE998003F74FB /* PBXTargetDependency */,
			);
			name = marathon;
			productName = marathon;
			productReference = 97EE47341B9EE131009A6397 /* marathon.app */;
			productType = "com.apple.product-type.application";
		};
		97EE47471B9EE131009A6397 /* marathonTests */ = {
			isa = PBXNativeTarget;
			buildConfigurationList = 97EE475F1B9EE131009A6397 /* Build configuration list for PBXNativeTarget "marathonTests" */;
			buildPhases = (
				97EE47441B9EE131009A6397 /* Sources */,
				97EE47451B9EE131009A6397 /* Frameworks */,
				97EE47461B9EE131009A6397 /* Resources */,
			);
			buildRules = (
			);
			dependencies = (
				97EE474A1B9EE131009A6397 /* PBXTargetDependency */,
			);
			name = marathonTests;
			productName = marathonTests;
			productReference = 97EE47481B9EE131009A6397 /* marathonTests.xctest */;
			productType = "com.apple.product-type.bundle.unit-test";
		};
		97EE47521B9EE131009A6397 /* marathonUITests */ = {
			isa = PBXNativeTarget;
			buildConfigurationList = 97EE47621B9EE131009A6397 /* Build configuration list for PBXNativeTarget "marathonUITests" */;
			buildPhases = (
				97EE474F1B9EE131009A6397 /* Sources */,
				97EE47501B9EE131009A6397 /* Frameworks */,
				97EE47511B9EE131009A6397 /* Resources */,
			);
			buildRules = (
			);
			dependencies = (
				97EE47551B9EE131009A6397 /* PBXTargetDependency */,
			);
			name = marathonUITests;
			productName = marathonUITests;
			productReference = 97EE47531B9EE131009A6397 /* marathonUITests.xctest */;
			productType = "com.apple.product-type.bundle.ui-testing";
		};
/* End PBXNativeTarget section */

/* Begin PBXProject section */
		97EE472C1B9EE130009A6397 /* Project object */ = {
			isa = PBXProject;
			attributes = {
				LastSwiftUpdateCheck = 0700;
				LastUpgradeCheck = 0700;
				ORGANIZATIONNAME = zhenwen;
				TargetAttributes = {
					97EDF4A41B9FE998003F74FB = {
						CreatedOnToolsVersion = 7.0;
					};
					97EE47331B9EE130009A6397 = {
						CreatedOnToolsVersion = 7.0;
						SystemCapabilities = {
							com.apple.BackgroundModes = {
								enabled = 1;
							};
						};
					};
					97EE47471B9EE131009A6397 = {
						CreatedOnToolsVersion = 7.0;
						TestTargetID = 97EE47331B9EE130009A6397;
					};
					97EE47521B9EE131009A6397 = {
						CreatedOnToolsVersion = 7.0;
						TestTargetID = 97EE47331B9EE130009A6397;
					};
				};
			};
			buildConfigurationList = 97EE472F1B9EE130009A6397 /* Build configuration list for PBXProject "marathon" */;
			compatibilityVersion = "Xcode 3.2";
			developmentRegion = English;
			hasScannedForEncodings = 0;
			knownRegions = (
				en,
				Base,
			);
			mainGroup = 97EE472B1B9EE130009A6397;
			productRefGroup = 97EE47351B9EE131009A6397 /* Products */;
			projectDirPath = "";
			projectRoot = "";
			targets = (
				97EE47331B9EE130009A6397 /* marathon */,
				97EE47471B9EE131009A6397 /* marathonTests */,
				97EE47521B9EE131009A6397 /* marathonUITests */,
				97EDF4A41B9FE998003F74FB /* marathonKit */,
			);
		};
/* End PBXProject section */

/* Begin PBXResourcesBuildPhase section */
		97EDF4A31B9FE998003F74FB /* Resources */ = {
			isa = PBXResourcesBuildPhase;
			buildActionMask = 2147483647;
			files = (
			);
			runOnlyForDeploymentPostprocessing = 0;
		};
		97EE47321B9EE130009A6397 /* Resources */ = {
			isa = PBXResourcesBuildPhase;
			buildActionMask = 2147483647;
			files = (
				97EE47421B9EE131009A6397 /* LaunchScreen.storyboard in Resources */,
				97EE473F1B9EE131009A6397 /* Assets.xcassets in Resources */,
				97EE473D1B9EE131009A6397 /* Main.storyboard in Resources */,
			);
			runOnlyForDeploymentPostprocessing = 0;
		};
		97EE47461B9EE131009A6397 /* Resources */ = {
			isa = PBXResourcesBuildPhase;
			buildActionMask = 2147483647;
			files = (
			);
			runOnlyForDeploymentPostprocessing = 0;
		};
		97EE47511B9EE131009A6397 /* Resources */ = {
			isa = PBXResourcesBuildPhase;
			buildActionMask = 2147483647;
			files = (
			);
			runOnlyForDeploymentPostprocessing = 0;
		};
/* End PBXResourcesBuildPhase section */

/* Begin PBXShellScriptBuildPhase section */
		0937414A39506FB0AE6AC419 /* Copy Pods Resources */ = {
			isa = PBXShellScriptBuildPhase;
			buildActionMask = 2147483647;
			files = (
			);
			inputPaths = (
			);
			name = "Copy Pods Resources";
			outputPaths = (
			);
			runOnlyForDeploymentPostprocessing = 0;
			shellPath = /bin/sh;
			shellScript = "\"${SRCROOT}/Pods/Target Support Files/Pods-marathon/Pods-marathon-resources.sh\"\n";
			showEnvVarsInLog = 0;
		};
		C84C99A76C1A5CF18976E96F /* Embed Pods Frameworks */ = {
			isa = PBXShellScriptBuildPhase;
			buildActionMask = 2147483647;
			files = (
			);
			inputPaths = (
			);
			name = "Embed Pods Frameworks";
			outputPaths = (
			);
			runOnlyForDeploymentPostprocessing = 0;
			shellPath = /bin/sh;
			shellScript = "\"${SRCROOT}/Pods/Target Support Files/Pods-marathon/Pods-marathon-frameworks.sh\"\n";
			showEnvVarsInLog = 0;
		};
		E2DEED013286DB56A3A38005 /* Check Pods Manifest.lock */ = {
			isa = PBXShellScriptBuildPhase;
			buildActionMask = 2147483647;
			files = (
			);
			inputPaths = (
			);
			name = "Check Pods Manifest.lock";
			outputPaths = (
			);
			runOnlyForDeploymentPostprocessing = 0;
			shellPath = /bin/sh;
			shellScript = "diff \"${PODS_ROOT}/../Podfile.lock\" \"${PODS_ROOT}/Manifest.lock\" > /dev/null\nif [[ $? != 0 ]] ; then\n    cat << EOM\nerror: The sandbox is not in sync with the Podfile.lock. Run 'pod install' or update your CocoaPods installation.\nEOM\n    exit 1\nfi\n";
			showEnvVarsInLog = 0;
		};
/* End PBXShellScriptBuildPhase section */

/* Begin PBXSourcesBuildPhase section */
		97EDF4A01B9FE998003F74FB /* Sources */ = {
			isa = PBXSourcesBuildPhase;
			buildActionMask = 2147483647;
			files = (
				97EDF4B71B9FEA50003F74FB /* STView.swift in Sources */,
				97EDF4B61B9FEA50003F74FB /* STColor.swift in Sources */,
				97EDF4B31B9FE9DE003F74FB /* marathonKit.swift in Sources */,
				97C647E51BBBF05200B4C440 /* STString.swift in Sources */,
			);
			runOnlyForDeploymentPostprocessing = 0;
		};
		97EE47301B9EE130009A6397 /* Sources */ = {
			isa = PBXSourcesBuildPhase;
			buildActionMask = 2147483647;
			files = (
				97B438831BBA7CA4008A6DD6 /* LocationModel.swift in Sources */,
				974B50641BA80E6B004E1E67 /* CLLocation+Sino.m in Sources */,
				97EE473A1B9EE131009A6397 /* HomeViewController.swift in Sources */,
				97B438811BB947F9008A6DD6 /* SwiftDate.swift in Sources */,
				9728BA8B1BA2B33300786A0A /* RunningViewController.swift in Sources */,
				974B6C711BA18B6000E7E008 /* RunCell.swift in Sources */,
				974B6C6F1BA189A100E7E008 /* RunModel.swift in Sources */,
				97C647E31BBBDFB200B4C440 /* RunAnnotation.swift in Sources */,
				97EE47381B9EE131009A6397 /* AppDelegate.swift in Sources */,
			);
			runOnlyForDeploymentPostprocessing = 0;
		};
		97EE47441B9EE131009A6397 /* Sources */ = {
			isa = PBXSourcesBuildPhase;
			buildActionMask = 2147483647;
			files = (
				97EE474D1B9EE131009A6397 /* marathonTests.swift in Sources */,
			);
			runOnlyForDeploymentPostprocessing = 0;
		};
		97EE474F1B9EE131009A6397 /* Sources */ = {
			isa = PBXSourcesBuildPhase;
			buildActionMask = 2147483647;
			files = (
				97EE47581B9EE131009A6397 /* marathonUITests.swift in Sources */,
			);
			runOnlyForDeploymentPostprocessing = 0;
		};
/* End PBXSourcesBuildPhase section */

/* Begin PBXTargetDependency section */
		97EDF4AB1B9FE998003F74FB /* PBXTargetDependency */ = {
			isa = PBXTargetDependency;
			target = 97EDF4A41B9FE998003F74FB /* marathonKit */;
			targetProxy = 97EDF4AA1B9FE998003F74FB /* PBXContainerItemProxy */;
		};
		97EE474A1B9EE131009A6397 /* PBXTargetDependency */ = {
			isa = PBXTargetDependency;
			target = 97EE47331B9EE130009A6397 /* marathon */;
			targetProxy = 97EE47491B9EE131009A6397 /* PBXContainerItemProxy */;
		};
		97EE47551B9EE131009A6397 /* PBXTargetDependency */ = {
			isa = PBXTargetDependency;
			target = 97EE47331B9EE130009A6397 /* marathon */;
			targetProxy = 97EE47541B9EE131009A6397 /* PBXContainerItemProxy */;
		};
/* End PBXTargetDependency section */

/* Begin PBXVariantGroup section */
		97EE473B1B9EE131009A6397 /* Main.storyboard */ = {
			isa = PBXVariantGroup;
			children = (
				97EE473C1B9EE131009A6397 /* Base */,
			);
			name = Main.storyboard;
			sourceTree = "<group>";
		};
		97EE47401B9EE131009A6397 /* LaunchScreen.storyboard */ = {
			isa = PBXVariantGroup;
			children = (
				97EE47411B9EE131009A6397 /* Base */,
			);
			name = LaunchScreen.storyboard;
			sourceTree = "<group>";
		};
/* End PBXVariantGroup section */

/* Begin XCBuildConfiguration section */
		97EDF4AE1B9FE998003F74FB /* Debug */ = {
			isa = XCBuildConfiguration;
			buildSettings = {
				CLANG_ENABLE_MODULES = YES;
				CURRENT_PROJECT_VERSION = 1;
				DEFINES_MODULE = YES;
				DYLIB_COMPATIBILITY_VERSION = 1;
				DYLIB_CURRENT_VERSION = 1;
				DYLIB_INSTALL_NAME_BASE = "@rpath";
				INFOPLIST_FILE = marathonKit/Info.plist;
				INSTALL_PATH = "$(LOCAL_LIBRARY_DIR)/Frameworks";
				IPHONEOS_DEPLOYMENT_TARGET = 8.0;
				LD_RUNPATH_SEARCH_PATHS = "$(inherited) @executable_path/Frameworks @loader_path/Frameworks";
				PRODUCT_BUNDLE_IDENTIFIER = cc.shitoudev.marathonKit;
				PRODUCT_NAME = "$(TARGET_NAME)";
				SKIP_INSTALL = YES;
				SWIFT_OPTIMIZATION_LEVEL = "-Onone";
				TARGETED_DEVICE_FAMILY = "1,2";
				VERSIONING_SYSTEM = "apple-generic";
				VERSION_INFO_PREFIX = "";
			};
			name = Debug;
		};
		97EDF4AF1B9FE998003F74FB /* Release */ = {
			isa = XCBuildConfiguration;
			buildSettings = {
				CLANG_ENABLE_MODULES = YES;
				CURRENT_PROJECT_VERSION = 1;
				DEFINES_MODULE = YES;
				DYLIB_COMPATIBILITY_VERSION = 1;
				DYLIB_CURRENT_VERSION = 1;
				DYLIB_INSTALL_NAME_BASE = "@rpath";
				INFOPLIST_FILE = marathonKit/Info.plist;
				INSTALL_PATH = "$(LOCAL_LIBRARY_DIR)/Frameworks";
				IPHONEOS_DEPLOYMENT_TARGET = 8.0;
				LD_RUNPATH_SEARCH_PATHS = "$(inherited) @executable_path/Frameworks @loader_path/Frameworks";
				PRODUCT_BUNDLE_IDENTIFIER = cc.shitoudev.marathonKit;
				PRODUCT_NAME = "$(TARGET_NAME)";
				SKIP_INSTALL = YES;
				TARGETED_DEVICE_FAMILY = "1,2";
				VERSIONING_SYSTEM = "apple-generic";
				VERSION_INFO_PREFIX = "";
			};
			name = Release;
		};
		97EE475A1B9EE131009A6397 /* Debug */ = {
			isa = XCBuildConfiguration;
			buildSettings = {
				ALWAYS_SEARCH_USER_PATHS = NO;
				CLANG_CXX_LANGUAGE_STANDARD = "gnu++0x";
				CLANG_CXX_LIBRARY = "libc++";
				CLANG_ENABLE_MODULES = YES;
				CLANG_ENABLE_OBJC_ARC = YES;
				CLANG_WARN_BOOL_CONVERSION = YES;
				CLANG_WARN_CONSTANT_CONVERSION = YES;
				CLANG_WARN_DIRECT_OBJC_ISA_USAGE = YES_ERROR;
				CLANG_WARN_EMPTY_BODY = YES;
				CLANG_WARN_ENUM_CONVERSION = YES;
				CLANG_WARN_INT_CONVERSION = YES;
				CLANG_WARN_OBJC_ROOT_CLASS = YES_ERROR;
				CLANG_WARN_UNREACHABLE_CODE = YES;
				CLANG_WARN__DUPLICATE_METHOD_MATCH = YES;
				"CODE_SIGN_IDENTITY[sdk=iphoneos*]" = "iPhone Developer";
				COPY_PHASE_STRIP = NO;
				DEBUG_INFORMATION_FORMAT = dwarf;
				ENABLE_STRICT_OBJC_MSGSEND = YES;
				ENABLE_TESTABILITY = YES;
				GCC_C_LANGUAGE_STANDARD = gnu99;
				GCC_DYNAMIC_NO_PIC = NO;
				GCC_NO_COMMON_BLOCKS = YES;
				GCC_OPTIMIZATION_LEVEL = 0;
				GCC_PREPROCESSOR_DEFINITIONS = (
					"DEBUG=1",
					"$(inherited)",
				);
				GCC_WARN_64_TO_32_BIT_CONVERSION = YES;
				GCC_WARN_ABOUT_RETURN_TYPE = YES_ERROR;
				GCC_WARN_UNDECLARED_SELECTOR = YES;
				GCC_WARN_UNINITIALIZED_AUTOS = YES_AGGRESSIVE;
				GCC_WARN_UNUSED_FUNCTION = YES;
				GCC_WARN_UNUSED_VARIABLE = YES;
				IPHONEOS_DEPLOYMENT_TARGET = 8.0;
				MTL_ENABLE_DEBUG_INFO = YES;
				ONLY_ACTIVE_ARCH = YES;
				SDKROOT = iphoneos;
				SWIFT_OPTIMIZATION_LEVEL = "-Onone";
			};
			name = Debug;
		};
		97EE475B1B9EE131009A6397 /* Release */ = {
			isa = XCBuildConfiguration;
			buildSettings = {
				ALWAYS_SEARCH_USER_PATHS = NO;
				CLANG_CXX_LANGUAGE_STANDARD = "gnu++0x";
				CLANG_CXX_LIBRARY = "libc++";
				CLANG_ENABLE_MODULES = YES;
				CLANG_ENABLE_OBJC_ARC = YES;
				CLANG_WARN_BOOL_CONVERSION = YES;
				CLANG_WARN_CONSTANT_CONVERSION = YES;
				CLANG_WARN_DIRECT_OBJC_ISA_USAGE = YES_ERROR;
				CLANG_WARN_EMPTY_BODY = YES;
				CLANG_WARN_ENUM_CONVERSION = YES;
				CLANG_WARN_INT_CONVERSION = YES;
				CLANG_WARN_OBJC_ROOT_CLASS = YES_ERROR;
				CLANG_WARN_UNREACHABLE_CODE = YES;
				CLANG_WARN__DUPLICATE_METHOD_MATCH = YES;
				"CODE_SIGN_IDENTITY[sdk=iphoneos*]" = "iPhone Developer";
				COPY_PHASE_STRIP = NO;
				DEBUG_INFORMATION_FORMAT = "dwarf-with-dsym";
				ENABLE_NS_ASSERTIONS = NO;
				ENABLE_STRICT_OBJC_MSGSEND = YES;
				GCC_C_LANGUAGE_STANDARD = gnu99;
				GCC_NO_COMMON_BLOCKS = YES;
				GCC_WARN_64_TO_32_BIT_CONVERSION = YES;
				GCC_WARN_ABOUT_RETURN_TYPE = YES_ERROR;
				GCC_WARN_UNDECLARED_SELECTOR = YES;
				GCC_WARN_UNINITIALIZED_AUTOS = YES_AGGRESSIVE;
				GCC_WARN_UNUSED_FUNCTION = YES;
				GCC_WARN_UNUSED_VARIABLE = YES;
				IPHONEOS_DEPLOYMENT_TARGET = 8.0;
				MTL_ENABLE_DEBUG_INFO = NO;
				SDKROOT = iphoneos;
				VALIDATE_PRODUCT = YES;
			};
			name = Release;
		};
		97EE475D1B9EE131009A6397 /* Debug */ = {
			isa = XCBuildConfiguration;
			baseConfigurationReference = 391805917F482FA147BF6949 /* Pods-marathon.debug.xcconfig */;
			buildSettings = {
				ASSETCATALOG_COMPILER_APPICON_NAME = AppIcon;
				CLANG_ENABLE_MODULES = YES;
				EMBEDDED_CONTENT_CONTAINS_SWIFT = YES;
				ENABLE_BITCODE = NO;
				FRAMEWORK_SEARCH_PATHS = "$(inherited)";
				INFOPLIST_FILE = marathon/Info.plist;
				LD_RUNPATH_SEARCH_PATHS = "$(inherited) @executable_path/Frameworks";
				PRODUCT_BUNDLE_IDENTIFIER = cc.shitoudev.marathon;
				PRODUCT_NAME = "$(TARGET_NAME)";
				SWIFT_OBJC_BRIDGING_HEADER = "marathon/marathon-Bridging-Header.h";
				SWIFT_OPTIMIZATION_LEVEL = "-Onone";
			};
			name = Debug;
		};
		97EE475E1B9EE131009A6397 /* Release */ = {
			isa = XCBuildConfiguration;
			baseConfigurationReference = 0B81495C851D7731A220BAC0 /* Pods-marathon.release.xcconfig */;
			buildSettings = {
				ASSETCATALOG_COMPILER_APPICON_NAME = AppIcon;
				CLANG_ENABLE_MODULES = YES;
				EMBEDDED_CONTENT_CONTAINS_SWIFT = YES;
				ENABLE_BITCODE = NO;
				FRAMEWORK_SEARCH_PATHS = "$(inherited)";
				INFOPLIST_FILE = marathon/Info.plist;
				LD_RUNPATH_SEARCH_PATHS = "$(inherited) @executable_path/Frameworks";
				PRODUCT_BUNDLE_IDENTIFIER = cc.shitoudev.marathon;
				PRODUCT_NAME = "$(TARGET_NAME)";
				SWIFT_OBJC_BRIDGING_HEADER = "marathon/marathon-Bridging-Header.h";
			};
			name = Release;
		};
		97EE47601B9EE131009A6397 /* Debug */ = {
			isa = XCBuildConfiguration;
			buildSettings = {
				BUNDLE_LOADER = "$(TEST_HOST)";
				INFOPLIST_FILE = marathonTests/Info.plist;
				LD_RUNPATH_SEARCH_PATHS = "$(inherited) @executable_path/Frameworks @loader_path/Frameworks";
				PRODUCT_BUNDLE_IDENTIFIER = cc.shitoudev.marathonTests;
				PRODUCT_NAME = "$(TARGET_NAME)";
				TEST_HOST = "$(BUILT_PRODUCTS_DIR)/marathon.app/marathon";
			};
			name = Debug;
		};
		97EE47611B9EE131009A6397 /* Release */ = {
			isa = XCBuildConfiguration;
			buildSettings = {
				BUNDLE_LOADER = "$(TEST_HOST)";
				INFOPLIST_FILE = marathonTests/Info.plist;
				LD_RUNPATH_SEARCH_PATHS = "$(inherited) @executable_path/Frameworks @loader_path/Frameworks";
				PRODUCT_BUNDLE_IDENTIFIER = cc.shitoudev.marathonTests;
				PRODUCT_NAME = "$(TARGET_NAME)";
				TEST_HOST = "$(BUILT_PRODUCTS_DIR)/marathon.app/marathon";
			};
			name = Release;
		};
		97EE47631B9EE131009A6397 /* Debug */ = {
			isa = XCBuildConfiguration;
			buildSettings = {
				INFOPLIST_FILE = marathonUITests/Info.plist;
				LD_RUNPATH_SEARCH_PATHS = "$(inherited) @executable_path/Frameworks @loader_path/Frameworks";
				PRODUCT_BUNDLE_IDENTIFIER = cc.shitoudev.marathonUITests;
				PRODUCT_NAME = "$(TARGET_NAME)";
				TEST_TARGET_NAME = marathon;
				USES_XCTRUNNER = YES;
			};
			name = Debug;
		};
		97EE47641B9EE131009A6397 /* Release */ = {
			isa = XCBuildConfiguration;
			buildSettings = {
				INFOPLIST_FILE = marathonUITests/Info.plist;
				LD_RUNPATH_SEARCH_PATHS = "$(inherited) @executable_path/Frameworks @loader_path/Frameworks";
				PRODUCT_BUNDLE_IDENTIFIER = cc.shitoudev.marathonUITests;
				PRODUCT_NAME = "$(TARGET_NAME)";
				TEST_TARGET_NAME = marathon;
				USES_XCTRUNNER = YES;
			};
			name = Release;
		};
/* End XCBuildConfiguration section */

/* Begin XCConfigurationList section */
		97EDF4B01B9FE998003F74FB /* Build configuration list for PBXNativeTarget "marathonKit" */ = {
			isa = XCConfigurationList;
			buildConfigurations = (
				97EDF4AE1B9FE998003F74FB /* Debug */,
				97EDF4AF1B9FE998003F74FB /* Release */,
			);
			defaultConfigurationIsVisible = 0;
			defaultConfigurationName = Release;
		};
		97EE472F1B9EE130009A6397 /* Build configuration list for PBXProject "marathon" */ = {
			isa = XCConfigurationList;
			buildConfigurations = (
				97EE475A1B9EE131009A6397 /* Debug */,
				97EE475B1B9EE131009A6397 /* Release */,
			);
			defaultConfigurationIsVisible = 0;
			defaultConfigurationName = Release;
		};
		97EE475C1B9EE131009A6397 /* Build configuration list for PBXNativeTarget "marathon" */ = {
			isa = XCConfigurationList;
			buildConfigurations = (
				97EE475D1B9EE131009A6397 /* Debug */,
				97EE475E1B9EE131009A6397 /* Release */,
			);
			defaultConfigurationIsVisible = 0;
			defaultConfigurationName = Release;
		};
		97EE475F1B9EE131009A6397 /* Build configuration list for PBXNativeTarget "marathonTests" */ = {
			isa = XCConfigurationList;
			buildConfigurations = (
				97EE47601B9EE131009A6397 /* Debug */,
				97EE47611B9EE131009A6397 /* Release */,
			);
			defaultConfigurationIsVisible = 0;
			defaultConfigurationName = Release;
		};
		97EE47621B9EE131009A6397 /* Build configuration list for PBXNativeTarget "marathonUITests" */ = {
			isa = XCConfigurationList;
			buildConfigurations = (
				97EE47631B9EE131009A6397 /* Debug */,
				97EE47641B9EE131009A6397 /* Release */,
			);
			defaultConfigurationIsVisible = 0;
			defaultConfigurationName = Release;
		};
/* End XCConfigurationList section */
	};
	rootObject = 97EE472C1B9EE130009A6397 /* Project object */;
}
